
Microsoft Visual Studio Solution File, Format Version 12.00
# Visual Studio Version 17
VisualStudioVersion = 17.13.35825.156
MinimumVisualStudioVersion = 10.0.40219.1
Project("{FAE04EC0-301F-11D3-BF4B-00C04F79EFBC}") = "GameTheoryUtility", "GameTheoryUtility\GameTheoryUtility.csproj", "{1E7837E6-F5BF-4B80-AE7C-578C39848CD3}"
EndProject
Global
	GlobalSection(SolutionConfigurationPlatforms) = preSolution
		Debug|Any CPU = Debug|Any CPU
		Release|Any CPU = Release|Any CPU
	EndGlobalSection
	GlobalSection(ProjectConfigurationPlatforms) = postSolution
		{1E7837E6-F5BF-4B80-AE7C-578C39848CD3}.Debug|Any CPU.ActiveCfg = Debug|Any CPU
		{1E7837E6-F5BF-4B80-AE7C-578C39848CD3}.Debug|Any CPU.Build.0 = Debug|Any CPU
		{1E7837E6-F5BF-4B80-AE7C-578C39848CD3}.Release|Any CPU.ActiveCfg = Release|Any CPU
		{1E7837E6-F5BF-4B80-AE7C-578C39848CD3}.Release|Any CPU.Build.0 = Release|Any CPU
	EndGlobalSection
	GlobalSection(SolutionProperties) = preSolution
		HideSolutionNode = FALSE
	EndGlobalSection
	GlobalSection(ExtensibilityGlobals) = postSolution
		SolutionGuid = {9EAEFE9A-0043-4FAF-901D-D3AA0A0411C7}
	EndGlobalSection
EndGlobal
